
Microsoft Visual Studio Solution File, Format Version 12.00
# Visual Studio Version 17
VisualStudioVersion = 17.5.33424.131
MinimumVisualStudioVersion = 10.0.40219.1
Project("{9A19103F-16F7-4668-BE54-9A1E7A4F7556}") = "WhileTotal", "WhileTotal\WhileTotal.csproj", "{B5AE179A-BE70-42C3-9846-49740CDA60CD}"
EndProject
Project("{9A19103F-16F7-4668-BE54-9A1E7A4F7556}") = "WhileAverage", "WhileAverage\WhileAverage.csproj", "{935015E1-1E95-4580-AE1E-E9969FB513EF}"
EndProject
Project("{9A19103F-16F7-4668-BE54-9A1E7A4F7556}") = "WhileMax", "WhileMax\WhileMax.csproj", "{0C1B0619-00E6-4916-83A2-21CFC48C898D}"
EndProject
Project("{9A19103F-16F7-4668-BE54-9A1E7A4F7556}") = "WhileMin", "WhileMin\WhileMin.csproj", "{4A700743-CE00-472A-AB49-51E556D78840}"
EndProject
Project("{9A19103F-16F7-4668-BE54-9A1E7A4F7556}") = "ForTotal", "ForTotal\ForTotal.csproj", "{13C837D8-CF48-46E5-8E6F-C8B3769E3DD8}"
EndProject
Project("{9A19103F-16F7-4668-BE54-9A1E7A4F7556}") = "ForAverage", "ForAverage\ForAverage.csproj", "{1FC18451-E273-4348-8344-7E6FB03A415C}"
EndProject
Project("{9A19103F-16F7-4668-BE54-9A1E7A4F7556}") = "ForMin", "ForMin\ForMin.csproj", "{0C1635D9-F259-423C-A856-72CBA45154AF}"
EndProject
Project("{9A19103F-16F7-4668-BE54-9A1E7A4F7556}") = "ForMax", "ForMax\ForMax.csproj", "{3A0BDF8B-BE21-49E9-9C0E-93B4D6BC1168}"
EndProject
Project("{FAE04EC0-301F-11D3-BF4B-00C04F79EFBC}") = "NumberReading", "NumberReading\NumberReading.csproj", "{2CC2A654-322D-451A-BAE1-98A05295AFCD}"
EndProject
Global
	GlobalSection(SolutionConfigurationPlatforms) = preSolution
		Debug|Any CPU = Debug|Any CPU
		Release|Any CPU = Release|Any CPU
	EndGlobalSection
	GlobalSection(ProjectConfigurationPlatforms) = postSolution
		{B5AE179A-BE70-42C3-9846-49740CDA60CD}.Debug|Any CPU.ActiveCfg = Debug|Any CPU
		{B5AE179A-BE70-42C3-9846-49740CDA60CD}.Debug|Any CPU.Build.0 = Debug|Any CPU
		{B5AE179A-BE70-42C3-9846-49740CDA60CD}.Release|Any CPU.ActiveCfg = Release|Any CPU
		{B5AE179A-BE70-42C3-9846-49740CDA60CD}.Release|Any CPU.Build.0 = Release|Any CPU
		{935015E1-1E95-4580-AE1E-E9969FB513EF}.Debug|Any CPU.ActiveCfg = Debug|Any CPU
		{935015E1-1E95-4580-AE1E-E9969FB513EF}.Debug|Any CPU.Build.0 = Debug|Any CPU
		{935015E1-1E95-4580-AE1E-E9969FB513EF}.Release|Any CPU.ActiveCfg = Release|Any CPU
		{935015E1-1E95-4580-AE1E-E9969FB513EF}.Release|Any CPU.Build.0 = Release|Any CPU
		{0C1B0619-00E6-4916-83A2-21CFC48C898D}.Debug|Any CPU.ActiveCfg = Debug|Any CPU
		{0C1B0619-00E6-4916-83A2-21CFC48C898D}.Debug|Any CPU.Build.0 = Debug|Any CPU
		{0C1B0619-00E6-4916-83A2-21CFC48C898D}.Release|Any CPU.ActiveCfg = Release|Any CPU
		{0C1B0619-00E6-4916-83A2-21CFC48C898D}.Release|Any CPU.Build.0 = Release|Any CPU
		{4A700743-CE00-472A-AB49-51E556D78840}.Debug|Any CPU.ActiveCfg = Debug|Any CPU
		{4A700743-CE00-472A-AB49-51E556D78840}.Debug|Any CPU.Build.0 = Debug|Any CPU
		{4A700743-CE00-472A-AB49-51E556D78840}.Release|Any CPU.ActiveCfg = Release|Any CPU
		{4A700743-CE00-472A-AB49-51E556D78840}.Release|Any CPU.Build.0 = Release|Any CPU
		{13C837D8-CF48-46E5-8E6F-C8B3769E3DD8}.Debug|Any CPU.ActiveCfg = Debug|Any CPU
		{13C837D8-CF48-46E5-8E6F-C8B3769E3DD8}.Debug|Any CPU.Build.0 = Debug|Any CPU
		{13C837D8-CF48-46E5-8E6F-C8B3769E3DD8}.Release|Any CPU.ActiveCfg = Release|Any CPU
		{13C837D8-CF48-46E5-8E6F-C8B3769E3DD8}.Release|Any CPU.Build.0 = Release|Any CPU
		{1FC18451-E273-4348-8344-7E6FB03A415C}.Debug|Any CPU.ActiveCfg = Debug|Any CPU
		{1FC18451-E273-4348-8344-7E6FB03A415C}.Debug|Any CPU.Build.0 = Debug|Any CPU
		{1FC18451-E273-4348-8344-7E6FB03A415C}.Release|Any CPU.ActiveCfg = Release|Any CPU
		{1FC18451-E273-4348-8344-7E6FB03A415C}.Release|Any CPU.Build.0 = Release|Any CPU
		{0C1635D9-F259-423C-A856-72CBA45154AF}.Debug|Any CPU.ActiveCfg = Debug|Any CPU
		{0C1635D9-F259-423C-A856-72CBA45154AF}.Debug|Any CPU.Build.0 = Debug|Any CPU
		{0C1635D9-F259-423C-A856-72CBA45154AF}.Release|Any CPU.ActiveCfg = Release|Any CPU
		{0C1635D9-F259-423C-A856-72CBA45154AF}.Release|Any CPU.Build.0 = Release|Any CPU
		{3A0BDF8B-BE21-49E9-9C0E-93B4D6BC1168}.Debug|Any CPU.ActiveCfg = Debug|Any CPU
		{3A0BDF8B-BE21-49E9-9C0E-93B4D6BC1168}.Debug|Any CPU.Build.0 = Debug|Any CPU
		{3A0BDF8B-BE21-49E9-9C0E-93B4D6BC1168}.Release|Any CPU.ActiveCfg = Release|Any CPU
		{3A0BDF8B-BE21-49E9-9C0E-93B4D6BC1168}.Release|Any CPU.Build.0 = Release|Any CPU
		{2CC2A654-322D-451A-BAE1-98A05295AFCD}.Debug|Any CPU.ActiveCfg = Debug|Any CPU
		{2CC2A654-322D-451A-BAE1-98A05295AFCD}.Debug|Any CPU.Build.0 = Debug|Any CPU
		{2CC2A654-322D-451A-BAE1-98A05295AFCD}.Release|Any CPU.ActiveCfg = Release|Any CPU
		{2CC2A654-322D-451A-BAE1-98A05295AFCD}.Release|Any CPU.Build.0 = Release|Any CPU
	EndGlobalSection
	GlobalSection(SolutionProperties) = preSolution
		HideSolutionNode = FALSE
	EndGlobalSection
	GlobalSection(ExtensibilityGlobals) = postSolution
		SolutionGuid = {04D15154-E7E3-429C-B82A-4FBE05B21BB1}
	EndGlobalSection
EndGlobal
